
Microsoft Visual Studio Solution File, Format Version 12.00
# Visual Studio Version 17
VisualStudioVersion = 17.4.33213.308
MinimumVisualStudioVersion = 10.0.40219.1
Project("{9A19103F-16F7-4668-BE54-9A1E7A4F7556}") = "ProGuessApplication", "ProGuessApplication.csproj", "{D65CB53D-BA4D-470E-83A3-A2B3EEC1F2A6}"
EndProject
Project("{FAE04EC0-301F-11D3-BF4B-00C04F79EFBC}") = "ProGuessTests", "..\ProGuessTests\ProGuessTests.csproj", "{9FA8A455-F9F7-4EC3-BBB3-91CAAD045928}"
EndProject
Global
	GlobalSection(SolutionConfigurationPlatforms) = preSolution
		Debug|Any CPU = Debug|Any CPU
		Release|Any CPU = Release|Any CPU
	EndGlobalSection
	GlobalSection(ProjectConfigurationPlatforms) = postSolution
		{D65CB53D-BA4D-470E-83A3-A2B3EEC1F2A6}.Debug|Any CPU.ActiveCfg = Debug|Any CPU
		{D65CB53D-BA4D-470E-83A3-A2B3EEC1F2A6}.Debug|Any CPU.Build.0 = Debug|Any CPU
		{D65CB53D-BA4D-470E-83A3-A2B3EEC1F2A6}.Release|Any CPU.ActiveCfg = Release|Any CPU
		{D65CB53D-BA4D-470E-83A3-A2B3EEC1F2A6}.Release|Any CPU.Build.0 = Release|Any CPU
		{9FA8A455-F9F7-4EC3-BBB3-91CAAD045928}.Debug|Any CPU.ActiveCfg = Debug|Any CPU
		{9FA8A455-F9F7-4EC3-BBB3-91CAAD045928}.Debug|Any CPU.Build.0 = Debug|Any CPU
		{9FA8A455-F9F7-4EC3-BBB3-91CAAD045928}.Release|Any CPU.ActiveCfg = Release|Any CPU
		{9FA8A455-F9F7-4EC3-BBB3-91CAAD045928}.Release|Any CPU.Build.0 = Release|Any CPU
	EndGlobalSection
	GlobalSection(SolutionProperties) = preSolution
		HideSolutionNode = FALSE
	EndGlobalSection
	GlobalSection(ExtensibilityGlobals) = postSolution
		SolutionGuid = {AE12A48F-365E-475F-835F-11BBDCD38D96}
	EndGlobalSection
EndGlobal
